
Microsoft Visual Studio Solution File, Format Version 12.00
# Visual Studio 15
VisualStudioVersion = 15.0.28307.1209
MinimumVisualStudioVersion = 10.0.40219.1
Project("{8BC9CEB8-8B4A-11D0-8D11-00A0C91BC942}") = "GTestDemo", "GTestDemo\GTestDemo.vcxproj", "{73FD7C8B-72F0-4F43-BDB9-A6C4CB3608EA}"
EndProject
Global
	GlobalSection(SolutionConfigurationPlatforms) = preSolution
		Debug|x64 = Debug|x64
		Debug|x86 = Debug|x86
		Release|x64 = Release|x64
		Release|x86 = Release|x86
	EndGlobalSection
	GlobalSection(ProjectConfigurationPlatforms) = postSolution
		{73FD7C8B-72F0-4F43-BDB9-A6C4CB3608EA}.Debug|x64.ActiveCfg = Debug|x64
		{73FD7C8B-72F0-4F43-BDB9-A6C4CB3608EA}.Debug|x64.Build.0 = Debug|x64
		{73FD7C8B-72F0-4F43-BDB9-A6C4CB3608EA}.Debug|x86.ActiveCfg = Debug|Win32
		{73FD7C8B-72F0-4F43-BDB9-A6C4CB3608EA}.Debug|x86.Build.0 = Debug|Win32
		{73FD7C8B-72F0-4F43-BDB9-A6C4CB3608EA}.Release|x64.ActiveCfg = Release|x64
		{73FD7C8B-72F0-4F43-BDB9-A6C4CB3608EA}.Release|x64.Build.0 = Release|x64
		{73FD7C8B-72F0-4F43-BDB9-A6C4CB3608EA}.Release|x86.ActiveCfg = Release|Win32
		{73FD7C8B-72F0-4F43-BDB9-A6C4CB3608EA}.Release|x86.Build.0 = Release|Win32
	EndGlobalSection
	GlobalSection(SolutionProperties) = preSolution
		HideSolutionNode = FALSE
	EndGlobalSection
	GlobalSection(ExtensibilityGlobals) = postSolution
		SolutionGuid = {FCA71707-C4B6-4959-8602-8C385E581881}
	EndGlobalSection
EndGlobal
